<Solution>
  <Project Path="src/HidConfigTool.App/HidConfigTool.App.csproj" />
  <Project Path="src/HidConfigTool.Core/HidConfigTool.Core.csproj" />
  <Project Path="src/HidConfigTool.Hid/HidConfigTool.Hid.csproj" />
  <Project Path="src/HidConfigTool.Desktop/HidConfigTool.Desktop.csproj" />
  <Project Path="src/HidConfigTool.Tests/HidConfigTool.Tests.csproj" />
</Solution>
