<Solution>
  <Project Path="shared/HidConfigTool.Core/HidConfigTool.Core.csproj" />
  <Project Path="shared/HidConfigTool.Hid/HidConfigTool.Hid.csproj" />
  <Project Path="shared/HidConfigTool.ViewModels/HidConfigTool.ViewModels.csproj" />
  <Project Path="windows/HidConfigTool.App/HidConfigTool.App.csproj" />
  <Project Path="desktop/HidConfigTool.Desktop/HidConfigTool.Desktop.csproj" />
  <Project Path="tests/HidConfigTool.Tests/HidConfigTool.Tests.csproj" />
</Solution>
